
Microsoft Visual Studio Solution File, Format Version 12.00
# Visual Studio Version 16
VisualStudioVersion = 16.0.30503.244
MinimumVisualStudioVersion = 10.0.40219.1
Project("{FAE04EC0-301F-11D3-BF4B-00C04F79EFBC}") = "01_MenuClassLibrary", "01_MenuClassLibrary\01_MenuClassLibrary.csproj", "{B32A60A2-3972-45FA-8917-321090558887}"
EndProject
Project("{FAE04EC0-301F-11D3-BF4B-00C04F79EFBC}") = "01_MenuTest", "01_MenuTest\01_MenuTest.csproj", "{CF579822-4F40-4297-8A50-4F103013234F}"
EndProject
Project("{FAE04EC0-301F-11D3-BF4B-00C04F79EFBC}") = "01_MenuProgram", "01_MenuProgram\01_MenuProgram.csproj", "{7A5CCAD4-B702-49E1-B275-D687F72E3677}"
EndProject
Project("{FAE04EC0-301F-11D3-BF4B-00C04F79EFBC}") = "02_ClaimsClassLibrary", "02_ClaimsClassLibrary\02_ClaimsClassLibrary.csproj", "{600491D9-7A34-4742-B1E6-2AAF897BE77A}"
EndProject
Project("{FAE04EC0-301F-11D3-BF4B-00C04F79EFBC}") = "02_ClaimsTest", "02_ClaimsTest\02_ClaimsTest.csproj", "{1569086B-3984-4517-9EDF-01BD2C186D23}"
EndProject
Global
	GlobalSection(SolutionConfigurationPlatforms) = preSolution
		Debug|Any CPU = Debug|Any CPU
		Release|Any CPU = Release|Any CPU
	EndGlobalSection
	GlobalSection(ProjectConfigurationPlatforms) = postSolution
		{B32A60A2-3972-45FA-8917-321090558887}.Debug|Any CPU.ActiveCfg = Debug|Any CPU
		{B32A60A2-3972-45FA-8917-321090558887}.Debug|Any CPU.Build.0 = Debug|Any CPU
		{B32A60A2-3972-45FA-8917-321090558887}.Release|Any CPU.ActiveCfg = Release|Any CPU
		{B32A60A2-3972-45FA-8917-321090558887}.Release|Any CPU.Build.0 = Release|Any CPU
		{CF579822-4F40-4297-8A50-4F103013234F}.Debug|Any CPU.ActiveCfg = Debug|Any CPU
		{CF579822-4F40-4297-8A50-4F103013234F}.Debug|Any CPU.Build.0 = Debug|Any CPU
		{CF579822-4F40-4297-8A50-4F103013234F}.Release|Any CPU.ActiveCfg = Release|Any CPU
		{CF579822-4F40-4297-8A50-4F103013234F}.Release|Any CPU.Build.0 = Release|Any CPU
		{7A5CCAD4-B702-49E1-B275-D687F72E3677}.Debug|Any CPU.ActiveCfg = Debug|Any CPU
		{7A5CCAD4-B702-49E1-B275-D687F72E3677}.Debug|Any CPU.Build.0 = Debug|Any CPU
		{7A5CCAD4-B702-49E1-B275-D687F72E3677}.Release|Any CPU.ActiveCfg = Release|Any CPU
		{7A5CCAD4-B702-49E1-B275-D687F72E3677}.Release|Any CPU.Build.0 = Release|Any CPU
		{600491D9-7A34-4742-B1E6-2AAF897BE77A}.Debug|Any CPU.ActiveCfg = Debug|Any CPU
		{600491D9-7A34-4742-B1E6-2AAF897BE77A}.Debug|Any CPU.Build.0 = Debug|Any CPU
		{600491D9-7A34-4742-B1E6-2AAF897BE77A}.Release|Any CPU.ActiveCfg = Release|Any CPU
		{600491D9-7A34-4742-B1E6-2AAF897BE77A}.Release|Any CPU.Build.0 = Release|Any CPU
		{1569086B-3984-4517-9EDF-01BD2C186D23}.Debug|Any CPU.ActiveCfg = Debug|Any CPU
		{1569086B-3984-4517-9EDF-01BD2C186D23}.Debug|Any CPU.Build.0 = Debug|Any CPU
		{1569086B-3984-4517-9EDF-01BD2C186D23}.Release|Any CPU.ActiveCfg = Release|Any CPU
		{1569086B-3984-4517-9EDF-01BD2C186D23}.Release|Any CPU.Build.0 = Release|Any CPU
	EndGlobalSection
	GlobalSection(SolutionProperties) = preSolution
		HideSolutionNode = FALSE
	EndGlobalSection
	GlobalSection(ExtensibilityGlobals) = postSolution
		SolutionGuid = {18130054-6441-414B-80DF-AE33154B78A6}
	EndGlobalSection
EndGlobal
